
Microsoft Visual Studio Solution File, Format Version 12.00
# Visual Studio Version 17
VisualStudioVersion = 17.2.32616.157
MinimumVisualStudioVersion = 10.0.40219.1
Project("{FAE04EC0-301F-11D3-BF4B-00C04F79EFBC}") = "CabInventoryManagement", "User\CabInventoryManagement.csproj", "{1B8EB110-8352-48DE-9C32-8DEC9C65D69C}"
EndProject
Global
	GlobalSection(SolutionConfigurationPlatforms) = preSolution
		Debug|Any CPU = Debug|Any CPU
		Release|Any CPU = Release|Any CPU
	EndGlobalSection
	GlobalSection(ProjectConfigurationPlatforms) = postSolution
		{1B8EB110-8352-48DE-9C32-8DEC9C65D69C}.Debug|Any CPU.ActiveCfg = Debug|Any CPU
		{1B8EB110-8352-48DE-9C32-8DEC9C65D69C}.Debug|Any CPU.Build.0 = Debug|Any CPU
		{1B8EB110-8352-48DE-9C32-8DEC9C65D69C}.Release|Any CPU.ActiveCfg = Release|Any CPU
		{1B8EB110-8352-48DE-9C32-8DEC9C65D69C}.Release|Any CPU.Build.0 = Release|Any CPU
	EndGlobalSection
	GlobalSection(SolutionProperties) = preSolution
		HideSolutionNode = FALSE
	EndGlobalSection
	GlobalSection(ExtensibilityGlobals) = postSolution
		SolutionGuid = {F3CBCCB1-1151-4982-8EAC-F0DB815FE003}
	EndGlobalSection
EndGlobal
